{
  "nodes": {
    "disko": {
      "inputs": {
        "nixpkgs": [
          "nixpkgs"
        ]
      },
      "locked": {
        "lastModified": 1755877712,
        "narHash": "sha256-hS2Bl5YwmTxDSHrTZ1xpeUyyOhw6bZIWrorBl+xlS/M=",
        "owner": "nvmd",
        "repo": "disko",
        "rev": "a3432d6ea84d96d105eb04ee0ca92850ce7f8aff",
        "type": "github"
      },
      "original": {
        "owner": "nvmd",
        "ref": "gpt-attrs",
        "repo": "disko",
        "type": "github"
      }
    },
    "nixpkgs": {
      "locked": {
        "lastModified": 1757408970,
        "narHash": "sha256-aSgK4BLNFFGvDTNKPeB28lVXYqVn8RdyXDNAvgGq+k0=",
        "owner": "NixOS",
        "repo": "nixpkgs",
        "rev": "d179d77c139e0a3f5c416477f7747e9d6b7ec315",
        "type": "github"
      },
      "original": {
        "owner": "NixOS",
        "ref": "nixos-25.05",
        "repo": "nixpkgs",
        "type": "github"
      }
    },
    "root": {
      "inputs": {
        "disko": "disko",
        "nixpkgs": "nixpkgs",
        "sees-ai": "sees-ai",
        "sops-nix": "sops-nix"
      }
    },
    "sees-ai": {
      "inputs": {
        "nixpkgs": [
          "nixpkgs"
        ]
      },
      "locked": {
        "lastModified": 1757445374,
        "narHash": "sha256-BFOTQiopIo/x8TuVnRwqhN5L72+uTXzbSqbv9snwErY=",
        "owner": "rpickler",
        "repo": "sees-nix-packages",
        "rev": "68815aa7d6a626de7230e2e670dad3bf4a1e8015",
        "type": "github"
      },
      "original": {
        "owner": "rpickler",
        "repo": "sees-nix-packages",
        "type": "github"
      }
    },
    "sops-nix": {
      "inputs": {
        "nixpkgs": [
          "nixpkgs"
        ]
      },
      "locked": {
        "lastModified": 1754988908,
        "narHash": "sha256-t+voe2961vCgrzPFtZxha0/kmFSHFobzF00sT8p9h0U=",
        "owner": "mic92",
        "repo": "sops-nix",
        "rev": "3223c7a92724b5d804e9988c6b447a0d09017d48",
        "type": "github"
      },
      "original": {
        "owner": "mic92",
        "repo": "sops-nix",
        "type": "github"
      }
    }
  },
  "root": "root",
  "version": 7
}
